<?xml version="1.0" encoding="utf-8"?>
<Project ToolsVersion="4.0" xmlns="http://schemas.microsoft.com/developer/msbuild/2003">
  <ItemGroup>
    <Filter Include="Логика">
      <UniqueIdentifier>{f8d13409-4c24-416d-81a7-0fb9b5fdafda}</UniqueIdentifier>
    </Filter>
    <Filter Include="Графика">
      <UniqueIdentifier>{d9686c75-9424-4b1a-8841-38438a537d34}</UniqueIdentifier>
    </Filter>
    <Filter Include="Поддержка">
      <UniqueIdentifier>{ce270402-a07d-4706-b892-5934696ef53d}</UniqueIdentifier>
    </Filter>
    <Filter Include="Платформа">
      <UniqueIdentifier>{0bb2aae2-2eb4-4f60-9a2b-71860e9799f8}</UniqueIdentifier>
    </Filter>
    <Filter Include="Утилиты">
      <UniqueIdentifier>{6a031dc3-44be-4969-840b-b133e5e83dea}</UniqueIdentifier>
    </Filter>
  </ItemGroup>
  <ItemGroup>
    <ClCompile Include="main.cpp">
      <Filter>Логика</Filter>
    </ClCompile>
    <ClCompile Include="ability.cpp">
      <Filter>Логика</Filter>
    </ClCompile>
    <ClCompile Include="draw.cpp">
      <Filter>Графика</Filter>
    </ClCompile>
    <ClCompile Include="draw_input.cpp">
      <Filter>Графика</Filter>
    </ClCompile>
    <ClCompile Include="draw_text.cpp">
      <Filter>Графика</Filter>
    </ClCompile>
    <ClCompile Include="draw_textf.cpp">
      <Filter>Графика</Filter>
    </ClCompile>
    <ClCompile Include="color.cpp">
      <Filter>Поддержка</Filter>
    </ClCompile>
    <ClCompile Include="io.cpp">
      <Filter>Поддержка</Filter>
    </ClCompile>
    <ClCompile Include="stringbuilder.cpp">
      <Filter>Поддержка</Filter>
    </ClCompile>
    <ClCompile Include="win_draw.cpp">
      <Filter>Платформа</Filter>
    </ClCompile>
    <ClCompile Include="win_io_file.cpp">
      <Filter>Платформа</Filter>
    </ClCompile>
    <ClCompile Include="deck.cpp">
      <Filter>Логика</Filter>
    </ClCompile>
    <ClCompile Include="draw_res.cpp">
      <Filter>Графика</Filter>
    </ClCompile>
    <ClCompile Include="monster.cpp">
      <Filter>Логика</Filter>
    </ClCompile>
    <ClCompile Include="command.cpp">
      <Filter>Логика</Filter>
    </ClCompile>
    <ClCompile Include="action.cpp">
      <Filter>Логика</Filter>
    </ClCompile>
    <ClCompile Include="creature.cpp">
      <Filter>Логика</Filter>
    </ClCompile>
    <ClCompile Include="answer.cpp">
      <Filter>Логика</Filter>
    </ClCompile>
    <ClCompile Include="card.cpp">
      <Filter>Логика</Filter>
    </ClCompile>
    <ClCompile Include="sprite_util.cpp">
      <Filter>Утилиты</Filter>
    </ClCompile>
    <ClCompile Include="main_util.cpp">
      <Filter>Утилиты</Filter>
    </ClCompile>
    <ClCompile Include="png_util.cpp">
      <Filter>Утилиты</Filter>
    </ClCompile>
    <ClCompile Include="converter.cpp">
      <Filter>Поддержка</Filter>
    </ClCompile>
    <ClCompile Include="surface_util.cpp">
      <Filter>Утилиты</Filter>
    </ClCompile>
    <ClCompile Include="zip_util.cpp">
      <Filter>Утилиты</Filter>
    </ClCompile>
    <ClCompile Include="bstream.cpp">
      <Filter>Поддержка</Filter>
    </ClCompile>
    <ClCompile Include="area.cpp">
      <Filter>Логика</Filter>
    </ClCompile>
    <ClCompile Include="player.cpp">
      <Filter>Логика</Filter>
    </ClCompile>
    <ClCompile Include="class.cpp">
      <Filter>Логика</Filter>
    </ClCompile>
    <ClCompile Include="variant.cpp">
      <Filter>Логика</Filter>
    </ClCompile>
    <ClCompile Include="figure.cpp">
      <Filter>Логика</Filter>
    </ClCompile>
    <ClCompile Include="map.cpp">
      <Filter>Логика</Filter>
    </ClCompile>
    <ClCompile Include="action_count.cpp">
      <Filter>Логика</Filter>
    </ClCompile>
    <ClCompile Include="trap.cpp">
      <Filter>Логика</Filter>
    </ClCompile>
    <ClCompile Include="state.cpp">
      <Filter>Логика</Filter>
    </ClCompile>
    <ClCompile Include="element.cpp">
      <Filter>Логика</Filter>
    </ClCompile>
    <ClCompile Include="event.cpp">
      <Filter>Логика</Filter>
    </ClCompile>
    <ClCompile Include="drawable.cpp">
      <Filter>Логика</Filter>
    </ClCompile>
    <ClCompile Include="crt.cpp">
      <Filter>Поддержка</Filter>
    </ClCompile>
    <ClCompile Include="active.cpp">
      <Filter>Логика</Filter>
    </ClCompile>
    <ClCompile Include="summon.cpp">
      <Filter>Логика</Filter>
    </ClCompile>
    <ClCompile Include="creaturea.cpp">
      <Filter>Логика</Filter>
    </ClCompile>
    <ClCompile Include="indexa.cpp">
      <Filter>Логика</Filter>
    </ClCompile>
    <ClCompile Include="point.cpp">
      <Filter>Поддержка</Filter>
    </ClCompile>
    <ClCompile Include="squad.cpp">
      <Filter>Логика</Filter>
    </ClCompile>
    <ClCompile Include="region.cpp">
      <Filter>Логика</Filter>
    </ClCompile>
    <ClCompile Include="scenario.cpp">
      <Filter>Логика</Filter>
    </ClCompile>
    <ClCompile Include="game.cpp">
      <Filter>Логика</Filter>
    </ClCompile>
  </ItemGroup>
  <ItemGroup>
    <ClInclude Include="main.h">
      <Filter>Логика</Filter>
    </ClInclude>
    <ClInclude Include="draw.h">
      <Filter>Графика</Filter>
    </ClInclude>
    <ClInclude Include="view.h">
      <Filter>Графика</Filter>
    </ClInclude>
    <ClInclude Include="color.h">
      <Filter>Поддержка</Filter>
    </ClInclude>
    <ClInclude Include="io.h">
      <Filter>Поддержка</Filter>
    </ClInclude>
    <ClInclude Include="stringbuilder.h">
      <Filter>Поддержка</Filter>
    </ClInclude>
    <ClInclude Include="win.h">
      <Filter>Платформа</Filter>
    </ClInclude>
    <ClInclude Include="converter.h">
      <Filter>Поддержка</Filter>
    </ClInclude>
    <ClInclude Include="bstream.h">
      <Filter>Поддержка</Filter>
    </ClInclude>
    <ClInclude Include="crt.h">
      <Filter>Поддержка</Filter>
    </ClInclude>
    <ClInclude Include="point.h">
      <Filter>Поддержка</Filter>
    </ClInclude>
    <ClInclude Include="rect.h">
      <Filter>Поддержка</Filter>
    </ClInclude>
  </ItemGroup>
</Project>