<?xml version="1.0" encoding="utf-8"?>
<Project ToolsVersion="4.0" xmlns="http://schemas.microsoft.com/developer/msbuild/2003">
  <ItemGroup>
    <Filter Include="Логика">
      <UniqueIdentifier>{f8d13409-4c24-416d-81a7-0fb9b5fdafda}</UniqueIdentifier>
    </Filter>
  </ItemGroup>
  <ItemGroup>
    <ClCompile Include="crt.cpp">
      <Filter>Логика</Filter>
    </ClCompile>
    <ClCompile Include="main.cpp">
      <Filter>Логика</Filter>
    </ClCompile>
    <ClCompile Include="ability.cpp">
      <Filter>Логика</Filter>
    </ClCompile>
    <ClCompile Include="action.cpp">
      <Filter>Логика</Filter>
    </ClCompile>
    <ClCompile Include="act.cpp">
      <Filter>Логика</Filter>
    </ClCompile>
  </ItemGroup>
  <ItemGroup>
    <ClInclude Include="crt.h">
      <Filter>Логика</Filter>
    </ClInclude>
    <ClInclude Include="main.h">
      <Filter>Логика</Filter>
    </ClInclude>
  </ItemGroup>
</Project>